
Microsoft Visual Studio Solution File, Format Version 12.00
# Visual Studio Version 17
VisualStudioVersion = 17.0.31903.59
MinimumVisualStudioVersion = 10.0.40219.1
Project("{2150E333-8FDC-42A3-9474-1A3956D46DE8}") = "src", "src", "{8E7E8231-3706-494D-A5CA-354E3BCAB7A9}"
EndProject
Project("{FAE04EC0-301F-11D3-BF4B-00C04F79EFBC}") = "Sample", "src\Sample\Sample.csproj", "{E154B754-D1FC-4207-8949-EB6C130551E9}"
EndProject
Project("{2150E333-8FDC-42A3-9474-1A3956D46DE8}") = "tests", "tests", "{24E0C457-F56B-43C6-B60A-A534B426BE58}"
EndProject
Project("{FAE04EC0-301F-11D3-BF4B-00C04F79EFBC}") = "Sample.Tests", "tests\Sample.Tests\Sample.Tests.csproj", "{D069ACF3-F77A-4984-B5CC-019DFCE66A15}"
EndProject
Global
	GlobalSection(SolutionConfigurationPlatforms) = preSolution
		Debug|Any CPU = Debug|Any CPU
		Release|Any CPU = Release|Any CPU
	EndGlobalSection
	GlobalSection(SolutionProperties) = preSolution
		HideSolutionNode = FALSE
	EndGlobalSection
	GlobalSection(ProjectConfigurationPlatforms) = postSolution
		{E154B754-D1FC-4207-8949-EB6C130551E9}.Debug|Any CPU.ActiveCfg = Debug|Any CPU
		{E154B754-D1FC-4207-8949-EB6C130551E9}.Debug|Any CPU.Build.0 = Debug|Any CPU
		{E154B754-D1FC-4207-8949-EB6C130551E9}.Release|Any CPU.ActiveCfg = Release|Any CPU
		{E154B754-D1FC-4207-8949-EB6C130551E9}.Release|Any CPU.Build.0 = Release|Any CPU
		{D069ACF3-F77A-4984-B5CC-019DFCE66A15}.Debug|Any CPU.ActiveCfg = Debug|Any CPU
		{D069ACF3-F77A-4984-B5CC-019DFCE66A15}.Debug|Any CPU.Build.0 = Debug|Any CPU
		{D069ACF3-F77A-4984-B5CC-019DFCE66A15}.Release|Any CPU.ActiveCfg = Release|Any CPU
		{D069ACF3-F77A-4984-B5CC-019DFCE66A15}.Release|Any CPU.Build.0 = Release|Any CPU
	EndGlobalSection
	GlobalSection(NestedProjects) = preSolution
		{E154B754-D1FC-4207-8949-EB6C130551E9} = {8E7E8231-3706-494D-A5CA-354E3BCAB7A9}
		{D069ACF3-F77A-4984-B5CC-019DFCE66A15} = {24E0C457-F56B-43C6-B60A-A534B426BE58}
	EndGlobalSection
EndGlobal
